
Microsoft Visual Studio Solution File, Format Version 12.00
Project("{FAE04EC0-301F-11D3-BF4B-00C04F79EFBC}") = "lolpetprojectCSAPI", "lolpetprojectCSAPI\lolpetprojectCSAPI.csproj", "{3F95FB40-2B1C-4F77-BF69-A56161F49563}"
EndProject
Global
	GlobalSection(SolutionConfigurationPlatforms) = preSolution
		Debug|Any CPU = Debug|Any CPU
		Release|Any CPU = Release|Any CPU
	EndGlobalSection
	GlobalSection(ProjectConfigurationPlatforms) = postSolution
		{3F95FB40-2B1C-4F77-BF69-A56161F49563}.Debug|Any CPU.ActiveCfg = Debug|Any CPU
		{3F95FB40-2B1C-4F77-BF69-A56161F49563}.Debug|Any CPU.Build.0 = Debug|Any CPU
		{3F95FB40-2B1C-4F77-BF69-A56161F49563}.Release|Any CPU.ActiveCfg = Release|Any CPU
		{3F95FB40-2B1C-4F77-BF69-A56161F49563}.Release|Any CPU.Build.0 = Release|Any CPU
	EndGlobalSection
EndGlobal
